// !$*UTF8*$!
{
	archiveVersion = 1;
	classes = {
	};
	objectVersion = 46;
	objects = {

/* Begin PBXBuildFile section */
		5EF088B21F06D67600D687D2 /* AppDelegate.swift in Sources */ = {isa = PBXBuildFile; fileRef = 5EF088B11F06D67600D687D2 /* AppDelegate.swift */; };
		5EF088B41F06D67600D687D2 /* ViewController.swift in Sources */ = {isa = PBXBuildFile; fileRef = 5EF088B31F06D67600D687D2 /* ViewController.swift */; };
		5EF088B71F06D67600D687D2 /* Main.storyboard in Resources */ = {isa = PBXBuildFile; fileRef = 5EF088B51F06D67600D687D2 /* Main.storyboard */; };
		5EF088B91F06D67600D687D2 /* Assets.xcassets in Resources */ = {isa = PBXBuildFile; fileRef = 5EF088B81F06D67600D687D2 /* Assets.xcassets */; };
		5EF088BC1F06D67600D687D2 /* LaunchScreen.storyboard in Resources */ = {isa = PBXBuildFile; fileRef = 5EF088BA1F06D67600D687D2 /* LaunchScreen.storyboard */; };
		5EF088C71F06D67600D687D2 /* Bus_TicketTests.swift in Sources */ = {isa = PBXBuildFile; fileRef = 5EF088C61F06D67600D687D2 /* Bus_TicketTests.swift */; };
		5EF088D21F06D67600D687D2 /* Bus_TicketUITests.swift in Sources */ = {isa = PBXBuildFile; fileRef = 5EF088D11F06D67600D687D2 /* Bus_TicketUITests.swift */; };
/* End PBXBuildFile section */

/* Begin PBXContainerItemProxy section */
		5EF088C31F06D67600D687D2 /* PBXContainerItemProxy */ = {
			isa = PBXContainerItemProxy;
			containerPortal = 5EF088A61F06D67500D687D2 /* Project object */;
			proxyType = 1;
			remoteGlobalIDString = 5EF088AD1F06D67500D687D2;
			remoteInfo = "Bus Ticket";
		};
		5EF088CE1F06D67600D687D2 /* PBXContainerItemProxy */ = {
			isa = PBXContainerItemProxy;
			containerPortal = 5EF088A61F06D67500D687D2 /* Project object */;
			proxyType = 1;
			remoteGlobalIDString = 5EF088AD1F06D67500D687D2;
			remoteInfo = "Bus Ticket";
		};
/* End PBXContainerItemProxy section */

/* Begin PBXFileReference section */
		5EF088AE1F06D67600D687D2 /* Bus Ticket.app */ = {isa = PBXFileReference; explicitFileType = wrapper.application; includeInIndex = 0; path = "Bus Ticket.app"; sourceTree = BUILT_PRODUCTS_DIR; };
		5EF088B11F06D67600D687D2 /* AppDelegate.swift */ = {isa = PBXFileReference; lastKnownFileType = sourcecode.swift; path = AppDelegate.swift; sourceTree = "<group>"; };
		5EF088B31F06D67600D687D2 /* ViewController.swift */ = {isa = PBXFileReference; lastKnownFileType = sourcecode.swift; path = ViewController.swift; sourceTree = "<group>"; };
		5EF088B61F06D67600D687D2 /* Base */ = {isa = PBXFileReference; lastKnownFileType = file.storyboard; name = Base; path = Base.lproj/Main.storyboard; sourceTree = "<group>"; };
		5EF088B81F06D67600D687D2 /* Assets.xcassets */ = {isa = PBXFileReference; lastKnownFileType = folder.assetcatalog; path = Assets.xcassets; sourceTree = "<group>"; };
		5EF088BB1F06D67600D687D2 /* Base */ = {isa = PBXFileReference; lastKnownFileType = file.storyboard; name = Base; path = Base.lproj/LaunchScreen.storyboard; sourceTree = "<group>"; };
		5EF088BD1F06D67600D687D2 /* Info.plist */ = {isa = PBXFileReference; lastKnownFileType = text.plist.xml; path = Info.plist; sourceTree = "<group>"; };
		5EF088C21F06D67600D687D2 /* Bus TicketTests.xctest */ = {isa = PBXFileReference; explicitFileType = wrapper.cfbundle; includeInIndex = 0; path = "Bus TicketTests.xctest"; sourceTree = BUILT_PRODUCTS_DIR; };
		5EF088C61F06D67600D687D2 /* Bus_TicketTests.swift */ = {isa = PBXFileReference; lastKnownFileType = sourcecode.swift; path = Bus_TicketTests.swift; sourceTree = "<group>"; };
		5EF088C81F06D67600D687D2 /* Info.plist */ = {isa = PBXFileReference; lastKnownFileType = text.plist.xml; path = Info.plist; sourceTree = "<group>"; };
		5EF088CD1F06D67600D687D2 /* Bus TicketUITests.xctest */ = {isa = PBXFileReference; explicitFileType = wrapper.cfbundle; includeInIndex = 0; path = "Bus TicketUITests.xctest"; sourceTree = BUILT_PRODUCTS_DIR; };
		5EF088D11F06D67600D687D2 /* Bus_TicketUITests.swift */ = {isa = PBXFileReference; lastKnownFileType = sourcecode.swift; path = Bus_TicketUITests.swift; sourceTree = "<group>"; };
		5EF088D31F06D67600D687D2 /* Info.plist */ = {isa = PBXFileReference; lastKnownFileType = text.plist.xml; path = Info.plist; sourceTree = "<group>"; };
/* End PBXFileReference section */

/* Begin PBXFrameworksBuildPhase section */
		5EF088AB1F06D67500D687D2 /* Frameworks */ = {
			isa = PBXFrameworksBuildPhase;
			buildActionMask = 2147483647;
			files = (
			);
			runOnlyForDeploymentPostprocessing = 0;
		};
		5EF088BF1F06D67600D687D2 /* Frameworks */ = {
			isa = PBXFrameworksBuildPhase;
			buildActionMask = 2147483647;
			files = (
			);
			runOnlyForDeploymentPostprocessing = 0;
		};
		5EF088CA1F06D67600D687D2 /* Frameworks */ = {
			isa = PBXFrameworksBuildPhase;
			buildActionMask = 2147483647;
			files = (
			);
			runOnlyForDeploymentPostprocessing = 0;
		};
/* End PBXFrameworksBuildPhase section */

/* Begin PBXGroup section */
		5EF088A51F06D67500D687D2 = {
			isa = PBXGroup;
			children = (
				5EF088B01F06D67600D687D2 /* Bus Ticket */,
				5EF088C51F06D67600D687D2 /* Bus TicketTests */,
				5EF088D01F06D67600D687D2 /* Bus TicketUITests */,
				5EF088AF1F06D67600D687D2 /* Products */,
			);
			sourceTree = "<group>";
		};
		5EF088AF1F06D67600D687D2 /* Products */ = {
			isa = PBXGroup;
			children = (
				5EF088AE1F06D67600D687D2 /* Bus Ticket.app */,
				5EF088C21F06D67600D687D2 /* Bus TicketTests.xctest */,
				5EF088CD1F06D67600D687D2 /* Bus TicketUITests.xctest */,
			);
			name = Products;
			sourceTree = "<group>";
		};
		5EF088B01F06D67600D687D2 /* Bus Ticket */ = {
			isa = PBXGroup;
			children = (
				5EF088B11F06D67600D687D2 /* AppDelegate.swift */,
				5EF088B31F06D67600D687D2 /* ViewController.swift */,
				5EF088B51F06D67600D687D2 /* Main.storyboard */,
				5EF088B81F06D67600D687D2 /* Assets.xcassets */,
				5EF088BA1F06D67600D687D2 /* LaunchScreen.storyboard */,
				5EF088BD1F06D67600D687D2 /* Info.plist */,
			);
			path = "Bus Ticket";
			sourceTree = "<group>";
		};
		5EF088C51F06D67600D687D2 /* Bus TicketTests */ = {
			isa = PBXGroup;
			children = (
				5EF088C61F06D67600D687D2 /* Bus_TicketTests.swift */,
				5EF088C81F06D67600D687D2 /* Info.plist */,
			);
			path = "Bus TicketTests";
			sourceTree = "<group>";
		};
		5EF088D01F06D67600D687D2 /* Bus TicketUITests */ = {
			isa = PBXGroup;
			children = (
				5EF088D11F06D67600D687D2 /* Bus_TicketUITests.swift */,
				5EF088D31F06D67600D687D2 /* Info.plist */,
			);
			path = "Bus TicketUITests";
			sourceTree = "<group>";
		};
/* End PBXGroup section */

/* Begin PBXNativeTarget section */
		5EF088AD1F06D67500D687D2 /* Bus Ticket */ = {
			isa = PBXNativeTarget;
			buildConfigurationList = 5EF088D61F06D67600D687D2 /* Build configuration list for PBXNativeTarget "Bus Ticket" */;
			buildPhases = (
				5EF088AA1F06D67500D687D2 /* Sources */,
				5EF088AB1F06D67500D687D2 /* Frameworks */,
				5EF088AC1F06D67500D687D2 /* Resources */,
			);
			buildRules = (
			);
			dependencies = (
			);
			name = "Bus Ticket";
			productName = "Bus Ticket";
			productReference = 5EF088AE1F06D67600D687D2 /* Bus Ticket.app */;
			productType = "com.apple.product-type.application";
		};
		5EF088C11F06D67600D687D2 /* Bus TicketTests */ = {
			isa = PBXNativeTarget;
			buildConfigurationList = 5EF088D91F06D67600D687D2 /* Build configuration list for PBXNativeTarget "Bus TicketTests" */;
			buildPhases = (
				5EF088BE1F06D67600D687D2 /* Sources */,
				5EF088BF1F06D67600D687D2 /* Frameworks */,
				5EF088C01F06D67600D687D2 /* Resources */,
			);
			buildRules = (
			);
			dependencies = (
				5EF088C41F06D67600D687D2 /* PBXTargetDependency */,
			);
			name = "Bus TicketTests";
			productName = "Bus TicketTests";
			productReference = 5EF088C21F06D67600D687D2 /* Bus TicketTests.xctest */;
			productType = "com.apple.product-type.bundle.unit-test";
		};
		5EF088CC1F06D67600D687D2 /* Bus TicketUITests */ = {
			isa = PBXNativeTarget;
			buildConfigurationList = 5EF088DC1F06D67600D687D2 /* Build configuration list for PBXNativeTarget "Bus TicketUITests" */;
			buildPhases = (
				5EF088C91F06D67600D687D2 /* Sources */,
				5EF088CA1F06D67600D687D2 /* Frameworks */,
				5EF088CB1F06D67600D687D2 /* Resources */,
			);
			buildRules = (
			);
			dependencies = (
				5EF088CF1F06D67600D687D2 /* PBXTargetDependency */,
			);
			name = "Bus TicketUITests";
			productName = "Bus TicketUITests";
			productReference = 5EF088CD1F06D67600D687D2 /* Bus TicketUITests.xctest */;
			productType = "com.apple.product-type.bundle.ui-testing";
		};
/* End PBXNativeTarget section */

/* Begin PBXProject section */
		5EF088A61F06D67500D687D2 /* Project object */ = {
			isa = PBXProject;
			attributes = {
				LastSwiftUpdateCheck = 0830;
				LastUpgradeCheck = 0830;
				ORGANIZATIONNAME = "Del Shawn Kirksey";
				TargetAttributes = {
					5EF088AD1F06D67500D687D2 = {
						CreatedOnToolsVersion = 8.3;
						DevelopmentTeam = P8B368T7Z7;
						ProvisioningStyle = Automatic;
					};
					5EF088C11F06D67600D687D2 = {
						CreatedOnToolsVersion = 8.3;
						DevelopmentTeam = P8B368T7Z7;
						ProvisioningStyle = Automatic;
						TestTargetID = 5EF088AD1F06D67500D687D2;
					};
					5EF088CC1F06D67600D687D2 = {
						CreatedOnToolsVersion = 8.3;
						DevelopmentTeam = P8B368T7Z7;
						ProvisioningStyle = Automatic;
						TestTargetID = 5EF088AD1F06D67500D687D2;
					};
				};
			};
			buildConfigurationList = 5EF088A91F06D67500D687D2 /* Build configuration list for PBXProject "Bus Ticket" */;
			compatibilityVersion = "Xcode 3.2";
			developmentRegion = English;
			hasScannedForEncodings = 0;
			knownRegions = (
				en,
				Base,
			);
			mainGroup = 5EF088A51F06D67500D687D2;
			productRefGroup = 5EF088AF1F06D67600D687D2 /* Products */;
			projectDirPath = "";
			projectRoot = "";
			targets = (
				5EF088AD1F06D67500D687D2 /* Bus Ticket */,
				5EF088C11F06D67600D687D2 /* Bus TicketTests */,
				5EF088CC1F06D67600D687D2 /* Bus TicketUITests */,
			);
		};
/* End PBXProject section */

/* Begin PBXResourcesBuildPhase section */
		5EF088AC1F06D67500D687D2 /* Resources */ = {
			isa = PBXResourcesBuildPhase;
			buildActionMask = 2147483647;
			files = (
				5EF088BC1F06D67600D687D2 /* LaunchScreen.storyboard in Resources */,
				5EF088B91F06D67600D687D2 /* Assets.xcassets in Resources */,
				5EF088B71F06D67600D687D2 /* Main.storyboard in Resources */,
			);
			runOnlyForDeploymentPostprocessing = 0;
		};
		5EF088C01F06D67600D687D2 /* Resources */ = {
			isa = PBXResourcesBuildPhase;
			buildActionMask = 2147483647;
			files = (
			);
			runOnlyForDeploymentPostprocessing = 0;
		};
		5EF088CB1F06D67600D687D2 /* Resources */ = {
			isa = PBXResourcesBuildPhase;
			buildActionMask = 2147483647;
			files = (
			);
			runOnlyForDeploymentPostprocessing = 0;
		};
/* End PBXResourcesBuildPhase section */

/* Begin PBXSourcesBuildPhase section */
		5EF088AA1F06D67500D687D2 /* Sources */ = {
			isa = PBXSourcesBuildPhase;
			buildActionMask = 2147483647;
			files = (
				5EF088B41F06D67600D687D2 /* ViewController.swift in Sources */,
				5EF088B21F06D67600D687D2 /* AppDelegate.swift in Sources */,
			);
			runOnlyForDeploymentPostprocessing = 0;
		};
		5EF088BE1F06D67600D687D2 /* Sources */ = {
			isa = PBXSourcesBuildPhase;
			buildActionMask = 2147483647;
			files = (
				5EF088C71F06D67600D687D2 /* Bus_TicketTests.swift in Sources */,
			);
			runOnlyForDeploymentPostprocessing = 0;
		};
		5EF088C91F06D67600D687D2 /* Sources */ = {
			isa = PBXSourcesBuildPhase;
			buildActionMask = 2147483647;
			files = (
				5EF088D21F06D67600D687D2 /* Bus_TicketUITests.swift in Sources */,
			);
			runOnlyForDeploymentPostprocessing = 0;
		};
/* End PBXSourcesBuildPhase section */

/* Begin PBXTargetDependency section */
		5EF088C41F06D67600D687D2 /* PBXTargetDependency */ = {
			isa = PBXTargetDependency;
			target = 5EF088AD1F06D67500D687D2 /* Bus Ticket */;
			targetProxy = 5EF088C31F06D67600D687D2 /* PBXContainerItemProxy */;
		};
		5EF088CF1F06D67600D687D2 /* PBXTargetDependency */ = {
			isa = PBXTargetDependency;
			target = 5EF088AD1F06D67500D687D2 /* Bus Ticket */;
			targetProxy = 5EF088CE1F06D67600D687D2 /* PBXContainerItemProxy */;
		};
/* End PBXTargetDependency section */

/* Begin PBXVariantGroup section */
		5EF088B51F06D67600D687D2 /* Main.storyboard */ = {
			isa = PBXVariantGroup;
			children = (
				5EF088B61F06D67600D687D2 /* Base */,
			);
			name = Main.storyboard;
			sourceTree = "<group>";
		};
		5EF088BA1F06D67600D687D2 /* LaunchScreen.storyboard */ = {
			isa = PBXVariantGroup;
			children = (
				5EF088BB1F06D67600D687D2 /* Base */,
			);
			name = LaunchScreen.storyboard;
			sourceTree = "<group>";
		};
/* End PBXVariantGroup section */

/* Begin XCBuildConfiguration section */
		5EF088D41F06D67600D687D2 /* Debug */ = {
			isa = XCBuildConfiguration;
			buildSettings = {
				ALWAYS_SEARCH_USER_PATHS = NO;
				CLANG_ANALYZER_NONNULL = YES;
				CLANG_ANALYZER_NUMBER_OBJECT_CONVERSION = YES_AGGRESSIVE;
				CLANG_CXX_LANGUAGE_STANDARD = "gnu++0x";
				CLANG_CXX_LIBRARY = "libc++";
				CLANG_ENABLE_MODULES = YES;
				CLANG_ENABLE_OBJC_ARC = YES;
				CLANG_WARN_BOOL_CONVERSION = YES;
				CLANG_WARN_CONSTANT_CONVERSION = YES;
				CLANG_WARN_DIRECT_OBJC_ISA_USAGE = YES_ERROR;
				CLANG_WARN_DOCUMENTATION_COMMENTS = YES;
				CLANG_WARN_EMPTY_BODY = YES;
				CLANG_WARN_ENUM_CONVERSION = YES;
				CLANG_WARN_INFINITE_RECURSION = YES;
				CLANG_WARN_INT_CONVERSION = YES;
				CLANG_WARN_OBJC_ROOT_CLASS = YES_ERROR;
				CLANG_WARN_SUSPICIOUS_MOVE = YES;
				CLANG_WARN_UNREACHABLE_CODE = YES;
				CLANG_WARN__DUPLICATE_METHOD_MATCH = YES;
				"CODE_SIGN_IDENTITY[sdk=iphoneos*]" = "iPhone Developer";
				COPY_PHASE_STRIP = NO;
				DEBUG_INFORMATION_FORMAT = dwarf;
				ENABLE_STRICT_OBJC_MSGSEND = YES;
				ENABLE_TESTABILITY = YES;
				GCC_C_LANGUAGE_STANDARD = gnu99;
				GCC_DYNAMIC_NO_PIC = NO;
				GCC_NO_COMMON_BLOCKS = YES;
				GCC_OPTIMIZATION_LEVEL = 0;
				GCC_PREPROCESSOR_DEFINITIONS = (
					"DEBUG=1",
					"$(inherited)",
				);
				GCC_WARN_64_TO_32_BIT_CONVERSION = YES;
				GCC_WARN_ABOUT_RETURN_TYPE = YES_ERROR;
				GCC_WARN_UNDECLARED_SELECTOR = YES;
				GCC_WARN_UNINITIALIZED_AUTOS = YES_AGGRESSIVE;
				GCC_WARN_UNUSED_FUNCTION = YES;
				GCC_WARN_UNUSED_VARIABLE = YES;
				IPHONEOS_DEPLOYMENT_TARGET = 10.3;
				MTL_ENABLE_DEBUG_INFO = YES;
				ONLY_ACTIVE_ARCH = YES;
				SDKROOT = iphoneos;
				SWIFT_ACTIVE_COMPILATION_CONDITIONS = DEBUG;
				SWIFT_OPTIMIZATION_LEVEL = "-Onone";
				TARGETED_DEVICE_FAMILY = "1,2";
			};
			name = Debug;
		};
		5EF088D51F06D67600D687D2 /* Release */ = {
			isa = XCBuildConfiguration;
			buildSettings = {
				ALWAYS_SEARCH_USER_PATHS = NO;
				CLANG_ANALYZER_NONNULL = YES;
				CLANG_ANALYZER_NUMBER_OBJECT_CONVERSION = YES_AGGRESSIVE;
				CLANG_CXX_LANGUAGE_STANDARD = "gnu++0x";
				CLANG_CXX_LIBRARY = "libc++";
				CLANG_ENABLE_MODULES = YES;
				CLANG_ENABLE_OBJC_ARC = YES;
				CLANG_WARN_BOOL_CONVERSION = YES;
				CLANG_WARN_CONSTANT_CONVERSION = YES;
				CLANG_WARN_DIRECT_OBJC_ISA_USAGE = YES_ERROR;
				CLANG_WARN_DOCUMENTATION_COMMENTS = YES;
				CLANG_WARN_EMPTY_BODY = YES;
				CLANG_WARN_ENUM_CONVERSION = YES;
				CLANG_WARN_INFINITE_RECURSION = YES;
				CLANG_WARN_INT_CONVERSION = YES;
				CLANG_WARN_OBJC_ROOT_CLASS = YES_ERROR;
				CLANG_WARN_SUSPICIOUS_MOVE = YES;
				CLANG_WARN_UNREACHABLE_CODE = YES;
				CLANG_WARN__DUPLICATE_METHOD_MATCH = YES;
				"CODE_SIGN_IDENTITY[sdk=iphoneos*]" = "iPhone Developer";
				COPY_PHASE_STRIP = NO;
				DEBUG_INFORMATION_FORMAT = "dwarf-with-dsym";
				ENABLE_NS_ASSERTIONS = NO;
				ENABLE_STRICT_OBJC_MSGSEND = YES;
				GCC_C_LANGUAGE_STANDARD = gnu99;
				GCC_NO_COMMON_BLOCKS = YES;
				GCC_WARN_64_TO_32_BIT_CONVERSION = YES;
				GCC_WARN_ABOUT_RETURN_TYPE = YES_ERROR;
				GCC_WARN_UNDECLARED_SELECTOR = YES;
				GCC_WARN_UNINITIALIZED_AUTOS = YES_AGGRESSIVE;
				GCC_WARN_UNUSED_FUNCTION = YES;
				GCC_WARN_UNUSED_VARIABLE = YES;
				IPHONEOS_DEPLOYMENT_TARGET = 10.3;
				MTL_ENABLE_DEBUG_INFO = NO;
				SDKROOT = iphoneos;
				SWIFT_OPTIMIZATION_LEVEL = "-Owholemodule";
				TARGETED_DEVICE_FAMILY = "1,2";
				VALIDATE_PRODUCT = YES;
			};
			name = Release;
		};
		5EF088D71F06D67600D687D2 /* Debug */ = {
			isa = XCBuildConfiguration;
			buildSettings = {
				ASSETCATALOG_COMPILER_APPICON_NAME = AppIcon;
				DEVELOPMENT_TEAM = P8B368T7Z7;
				INFOPLIST_FILE = "Bus Ticket/Info.plist";
				LD_RUNPATH_SEARCH_PATHS = "$(inherited) @executable_path/Frameworks";
				PRODUCT_BUNDLE_IDENTIFIER = "apps.ge.Bus-Ticket";
				PRODUCT_NAME = "$(TARGET_NAME)";
				SWIFT_VERSION = 3.0;
			};
			name = Debug;
		};
		5EF088D81F06D67600D687D2 /* Release */ = {
			isa = XCBuildConfiguration;
			buildSettings = {
				ASSETCATALOG_COMPILER_APPICON_NAME = AppIcon;
				DEVELOPMENT_TEAM = P8B368T7Z7;
				INFOPLIST_FILE = "Bus Ticket/Info.plist";
				LD_RUNPATH_SEARCH_PATHS = "$(inherited) @executable_path/Frameworks";
				PRODUCT_BUNDLE_IDENTIFIER = "apps.ge.Bus-Ticket";
				PRODUCT_NAME = "$(TARGET_NAME)";
				SWIFT_VERSION = 3.0;
			};
			name = Release;
		};
		5EF088DA1F06D67600D687D2 /* Debug */ = {
			isa = XCBuildConfiguration;
			buildSettings = {
				ALWAYS_EMBED_SWIFT_STANDARD_LIBRARIES = YES;
				BUNDLE_LOADER = "$(TEST_HOST)";
				DEVELOPMENT_TEAM = P8B368T7Z7;
				INFOPLIST_FILE = "Bus TicketTests/Info.plist";
				LD_RUNPATH_SEARCH_PATHS = "$(inherited) @executable_path/Frameworks @loader_path/Frameworks";
				PRODUCT_BUNDLE_IDENTIFIER = "apps.ge.Bus-TicketTests";
				PRODUCT_NAME = "$(TARGET_NAME)";
				SWIFT_VERSION = 3.0;
				TEST_HOST = "$(BUILT_PRODUCTS_DIR)/Bus Ticket.app/Bus Ticket";
			};
			name = Debug;
		};
		5EF088DB1F06D67600D687D2 /* Release */ = {
			isa = XCBuildConfiguration;
			buildSettings = {
				ALWAYS_EMBED_SWIFT_STANDARD_LIBRARIES = YES;
				BUNDLE_LOADER = "$(TEST_HOST)";
				DEVELOPMENT_TEAM = P8B368T7Z7;
				INFOPLIST_FILE = "Bus TicketTests/Info.plist";
				LD_RUNPATH_SEARCH_PATHS = "$(inherited) @executable_path/Frameworks @loader_path/Frameworks";
				PRODUCT_BUNDLE_IDENTIFIER = "apps.ge.Bus-TicketTests";
				PRODUCT_NAME = "$(TARGET_NAME)";
				SWIFT_VERSION = 3.0;
				TEST_HOST = "$(BUILT_PRODUCTS_DIR)/Bus Ticket.app/Bus Ticket";
			};
			name = Release;
		};
		5EF088DD1F06D67600D687D2 /* Debug */ = {
			isa = XCBuildConfiguration;
			buildSettings = {
				ALWAYS_EMBED_SWIFT_STANDARD_LIBRARIES = YES;
				DEVELOPMENT_TEAM = P8B368T7Z7;
				INFOPLIST_FILE = "Bus TicketUITests/Info.plist";
				LD_RUNPATH_SEARCH_PATHS = "$(inherited) @executable_path/Frameworks @loader_path/Frameworks";
				PRODUCT_BUNDLE_IDENTIFIER = "apps.ge.Bus-TicketUITests";
				PRODUCT_NAME = "$(TARGET_NAME)";
				SWIFT_VERSION = 3.0;
				TEST_TARGET_NAME = "Bus Ticket";
			};
			name = Debug;
		};
		5EF088DE1F06D67600D687D2 /* Release */ = {
			isa = XCBuildConfiguration;
			buildSettings = {
				ALWAYS_EMBED_SWIFT_STANDARD_LIBRARIES = YES;
				DEVELOPMENT_TEAM = P8B368T7Z7;
				INFOPLIST_FILE = "Bus TicketUITests/Info.plist";
				LD_RUNPATH_SEARCH_PATHS = "$(inherited) @executable_path/Frameworks @loader_path/Frameworks";
				PRODUCT_BUNDLE_IDENTIFIER = "apps.ge.Bus-TicketUITests";
				PRODUCT_NAME = "$(TARGET_NAME)";
				SWIFT_VERSION = 3.0;
				TEST_TARGET_NAME = "Bus Ticket";
			};
			name = Release;
		};
/* End XCBuildConfiguration section */

/* Begin XCConfigurationList section */
		5EF088A91F06D67500D687D2 /* Build configuration list for PBXProject "Bus Ticket" */ = {
			isa = XCConfigurationList;
			buildConfigurations = (
				5EF088D41F06D67600D687D2 /* Debug */,
				5EF088D51F06D67600D687D2 /* Release */,
			);
			defaultConfigurationIsVisible = 0;
			defaultConfigurationName = Release;
		};
		5EF088D61F06D67600D687D2 /* Build configuration list for PBXNativeTarget "Bus Ticket" */ = {
			isa = XCConfigurationList;
			buildConfigurations = (
				5EF088D71F06D67600D687D2 /* Debug */,
				5EF088D81F06D67600D687D2 /* Release */,
			);
			defaultConfigurationIsVisible = 0;
		};
		5EF088D91F06D67600D687D2 /* Build configuration list for PBXNativeTarget "Bus TicketTests" */ = {
			isa = XCConfigurationList;
			buildConfigurations = (
				5EF088DA1F06D67600D687D2 /* Debug */,
				5EF088DB1F06D67600D687D2 /* Release */,
			);
			defaultConfigurationIsVisible = 0;
		};
		5EF088DC1F06D67600D687D2 /* Build configuration list for PBXNativeTarget "Bus TicketUITests" */ = {
			isa = XCConfigurationList;
			buildConfigurations = (
				5EF088DD1F06D67600D687D2 /* Debug */,
				5EF088DE1F06D67600D687D2 /* Release */,
			);
			defaultConfigurationIsVisible = 0;
		};
/* End XCConfigurationList section */
	};
	rootObject = 5EF088A61F06D67500D687D2 /* Project object */;
}
